
Microsoft Visual Studio Solution File, Format Version 12.00
# Visual Studio 2017
Project("{FAE04EC0-301F-11D3-BF4B-00C04F79EFBC}") = "VRPlayground", "VRPlayground.csproj", "{906418E9-0DD5-D63F-55F4-4C473C82D35A}"
EndProject
Project("{FAE04EC0-301F-11D3-BF4B-00C04F79EFBC}") = "VRPlayground.Editor", "VRPlayground.Editor.csproj", "{7356F542-A557-B4CB-BF33-4177F83FF9C3}"
EndProject
Global
	GlobalSection(SolutionConfigurationPlatforms) = preSolution
		Debug|Any CPU = Debug|Any CPU
		Release|Any CPU = Release|Any CPU
	EndGlobalSection
	GlobalSection(ProjectConfigurationPlatforms) = postSolution
		{906418E9-0DD5-D63F-55F4-4C473C82D35A}.Debug|Any CPU.ActiveCfg = Debug|Any CPU
		{906418E9-0DD5-D63F-55F4-4C473C82D35A}.Debug|Any CPU.Build.0 = Debug|Any CPU
		{906418E9-0DD5-D63F-55F4-4C473C82D35A}.Release|Any CPU.ActiveCfg = Release|Any CPU
		{906418E9-0DD5-D63F-55F4-4C473C82D35A}.Release|Any CPU.Build.0 = Release|Any CPU
		{7356F542-A557-B4CB-BF33-4177F83FF9C3}.Debug|Any CPU.ActiveCfg = Debug|Any CPU
		{7356F542-A557-B4CB-BF33-4177F83FF9C3}.Debug|Any CPU.Build.0 = Debug|Any CPU
		{7356F542-A557-B4CB-BF33-4177F83FF9C3}.Release|Any CPU.ActiveCfg = Release|Any CPU
		{7356F542-A557-B4CB-BF33-4177F83FF9C3}.Release|Any CPU.Build.0 = Release|Any CPU
	EndGlobalSection
	GlobalSection(SolutionProperties) = preSolution
		HideSolutionNode = FALSE
	EndGlobalSection
EndGlobal
